
Microsoft Visual Studio Solution File, Format Version 12.00
# Visual Studio Version 16
VisualStudioVersion = 16.0.810.12
MinimumVisualStudioVersion = 10.0.40219.1
Project("{FAE04EC0-301F-11D3-BF4B-00C04F79EFBC}") = "concurrencytest", "concurrencytest\concurrencytest.csproj", "{30CC847A-76CF-4AA7-AA7B-7A2C04671C1B}"
EndProject
Global
	GlobalSection(SolutionConfigurationPlatforms) = preSolution
		Debug|Any CPU = Debug|Any CPU
		Release|Any CPU = Release|Any CPU
	EndGlobalSection
	GlobalSection(ProjectConfigurationPlatforms) = postSolution
		{30CC847A-76CF-4AA7-AA7B-7A2C04671C1B}.Debug|Any CPU.ActiveCfg = Debug|Any CPU
		{30CC847A-76CF-4AA7-AA7B-7A2C04671C1B}.Debug|Any CPU.Build.0 = Debug|Any CPU
		{30CC847A-76CF-4AA7-AA7B-7A2C04671C1B}.Release|Any CPU.ActiveCfg = Release|Any CPU
		{30CC847A-76CF-4AA7-AA7B-7A2C04671C1B}.Release|Any CPU.Build.0 = Release|Any CPU
	EndGlobalSection
	GlobalSection(SolutionProperties) = preSolution
		HideSolutionNode = FALSE
	EndGlobalSection
	GlobalSection(ExtensibilityGlobals) = postSolution
		SolutionGuid = {A9EF885D-3D53-4CF5-9EE5-BBBF42CE500F}
	EndGlobalSection
EndGlobal
